Microsoft Visual Studio Solution File, Format Version 11.00
# Visual Studio 2008

Project("{B8F809CA-CFE0-C916-D229-45403CF6BE9E}") = "enigmatic", "Assembly-CSharp.csproj", "{EE8C70EB-3678-D9C4-5A33-DB94605C2A7F}"
EndProject
Global
	GlobalSection(SolutionConfigurationPlatforms) = preSolution
		Debug|Any CPU = Debug|Any CPU
		Release|Any CPU = Release|Any CPU
	EndGlobalSection
	GlobalSection(ProjectConfigurationPlatforms) = postSolution
		{EE8C70EB-3678-D9C4-5A33-DB94605C2A7F}.Debug|Any CPU.ActiveCfg = Debug|Any CPU
		{EE8C70EB-3678-D9C4-5A33-DB94605C2A7F}.Debug|Any CPU.Build.0 = Debug|Any CPU
		{EE8C70EB-3678-D9C4-5A33-DB94605C2A7F}.Release|Any CPU.ActiveCfg = Release|Any CPU
		{EE8C70EB-3678-D9C4-5A33-DB94605C2A7F}.Release|Any CPU.Build.0 = Release|Any CPU
	EndGlobalSection
	GlobalSection(SolutionProperties) = preSolution
		HideSolutionNode = FALSE
	EndGlobalSection
																																																																																																																																																																						GlobalSection(MonoDevelopProperties) = preSolution
=======
																																				GlobalSection(MonoDevelopProperties) = preSolution
>>>>>>> parent of ccc2120... Revert "Contains some script error"
		StartupItem = Assembly-CSharp.csproj
		Policies = $0
		$0.TextStylePolicy = $1
		$1.inheritsSet = null
		$1.scope = text/x-csharp
		$0.CSharpFormattingPolicy = $2
		$2.inheritsSet = Mono
		$2.inheritsScope = text/x-csharp
		$2.scope = text/x-csharp
		$0.TextStylePolicy = $3
		$3.FileWidth = 120
		$3.TabWidth = 4
		$3.IndentWidth = 4
		$3.EolMarker = Unix
		$3.inheritsSet = Mono
		$3.inheritsScope = text/plain
		$3.scope = text/plain
	EndGlobalSection

EndGlobal
